PODS:
  - Alamofire (4.7.3)
  - Cards (1.3.4):
    - Player (= 0.8.4)
  - Player (0.8.4)

DEPENDENCIES:
  - Alamofire (~> 4.7)
  - Cards

SPEC REPOS:
  https://github.com/cocoapods/specs.git:
    - Alamofire
    - Cards
    - Player

SPEC CHECKSUMS:
  Alamofire: c7287b6e5d7da964a70935e5db17046b7fde6568
  Cards: 99d16dddcd0789c4d0ba1a4230458beecbdbe3d4
  Player: e45514e9e5fb8ff18f50eb2ba6f84dac9b6a0024

PODFILE CHECKSUM: 402e95c174b647771dd0b312b0790006ea1f19d5

COCOAPODS: 1.5.3
